// !$*UTF8*$!
{
	archiveVersion = 1;
	classes = {
	};
	objectVersion = 50;
	objects = {

/* Begin PBXBuildFile section */
		56CDB87820C47CDB00B9E887 /* AppDelegate.swift in Sources */ = {isa = PBXBuildFile; fileRef = 56CDB87720C47CDB00B9E887 /* AppDelegate.swift */; };
		56CDB87A20C47CDB00B9E887 /* ViewController.swift in Sources */ = {isa = PBXBuildFile; fileRef = 56CDB87920C47CDB00B9E887 /* ViewController.swift */; };
		56CDB87D20C47CDB00B9E887 /* Main.storyboard in Resources */ = {isa = PBXBuildFile; fileRef = 56CDB87B20C47CDB00B9E887 /* Main.storyboard */; };
		56CDB88020C47CDB00B9E887 /* Camera.xcdatamodeld in Sources */ = {isa = PBXBuildFile; fileRef = 56CDB87E20C47CDB00B9E887 /* Camera.xcdatamodeld */; };
		56CDB88220C47CDC00B9E887 /* Assets.xcassets in Resources */ = {isa = PBXBuildFile; fileRef = 56CDB88120C47CDC00B9E887 /* Assets.xcassets */; };
		56CDB88520C47CDC00B9E887 /* LaunchScreen.storyboard in Resources */ = {isa = PBXBuildFile; fileRef = 56CDB88320C47CDC00B9E887 /* LaunchScreen.storyboard */; };
		56CDB89020C47CDD00B9E887 /* CameraTests.swift in Sources */ = {isa = PBXBuildFile; fileRef = 56CDB88F20C47CDD00B9E887 /* CameraTests.swift */; };
		56CDB89B20C47CDD00B9E887 /* CameraUITests.swift in Sources */ = {isa = PBXBuildFile; fileRef = 56CDB89A20C47CDD00B9E887 /* CameraUITests.swift */; };
		56CDB8A920C47D3300B9E887 /* CaptureViewController.swift in Sources */ = {isa = PBXBuildFile; fileRef = 56CDB8A820C47D3300B9E887 /* CaptureViewController.swift */; };
/* End PBXBuildFile section */

/* Begin PBXContainerItemProxy section */
		56CDB88C20C47CDD00B9E887 /* PBXContainerItemProxy */ = {
			isa = PBXContainerItemProxy;
			containerPortal = 56CDB86C20C47CDB00B9E887 /* Project object */;
			proxyType = 1;
			remoteGlobalIDString = 56CDB87320C47CDB00B9E887;
			remoteInfo = Camera;
		};
		56CDB89720C47CDD00B9E887 /* PBXContainerItemProxy */ = {
			isa = PBXContainerItemProxy;
			containerPortal = 56CDB86C20C47CDB00B9E887 /* Project object */;
			proxyType = 1;
			remoteGlobalIDString = 56CDB87320C47CDB00B9E887;
			remoteInfo = Camera;
		};
/* End PBXContainerItemProxy section */

/* Begin PBXFileReference section */
		56CDB87420C47CDB00B9E887 /* Camera.app */ = {isa = PBXFileReference; explicitFileType = wrapper.application; includeInIndex = 0; path = Camera.app; sourceTree = BUILT_PRODUCTS_DIR; };
		56CDB87720C47CDB00B9E887 /* AppDelegate.swift */ = {isa = PBXFileReference; lastKnownFileType = sourcecode.swift; path = AppDelegate.swift; sourceTree = "<group>"; };
		56CDB87920C47CDB00B9E887 /* ViewController.swift */ = {isa = PBXFileReference; lastKnownFileType = sourcecode.swift; path = ViewController.swift; sourceTree = "<group>"; };
		56CDB87C20C47CDB00B9E887 /* Base */ = {isa = PBXFileReference; lastKnownFileType = file.storyboard; name = Base; path = Base.lproj/Main.storyboard; sourceTree = "<group>"; };
		56CDB87F20C47CDB00B9E887 /* Camera.xcdatamodel */ = {isa = PBXFileReference; lastKnownFileType = wrapper.xcdatamodel; path = Camera.xcdatamodel; sourceTree = "<group>"; };
		56CDB88120C47CDC00B9E887 /* Assets.xcassets */ = {isa = PBXFileReference; lastKnownFileType = folder.assetcatalog; path = Assets.xcassets; sourceTree = "<group>"; };
		56CDB88420C47CDC00B9E887 /* Base */ = {isa = PBXFileReference; lastKnownFileType = file.storyboard; name = Base; path = Base.lproj/LaunchScreen.storyboard; sourceTree = "<group>"; };
		56CDB88620C47CDD00B9E887 /* Info.plist */ = {isa = PBXFileReference; lastKnownFileType = text.plist.xml; path = Info.plist; sourceTree = "<group>"; };
		56CDB88B20C47CDD00B9E887 /* CameraTests.xctest */ = {isa = PBXFileReference; explicitFileType = wrapper.cfbundle; includeInIndex = 0; path = CameraTests.xctest; sourceTree = BUILT_PRODUCTS_DIR; };
		56CDB88F20C47CDD00B9E887 /* CameraTests.swift */ = {isa = PBXFileReference; lastKnownFileType = sourcecode.swift; path = CameraTests.swift; sourceTree = "<group>"; };
		56CDB89120C47CDD00B9E887 /* Info.plist */ = {isa = PBXFileReference; lastKnownFileType = text.plist.xml; path = Info.plist; sourceTree = "<group>"; };
		56CDB89620C47CDD00B9E887 /* CameraUITests.xctest */ = {isa = PBXFileReference; explicitFileType = wrapper.cfbundle; includeInIndex = 0; path = CameraUITests.xctest; sourceTree = BUILT_PRODUCTS_DIR; };
		56CDB89A20C47CDD00B9E887 /* CameraUITests.swift */ = {isa = PBXFileReference; lastKnownFileType = sourcecode.swift; path = CameraUITests.swift; sourceTree = "<group>"; };
		56CDB89C20C47CDD00B9E887 /* Info.plist */ = {isa = PBXFileReference; lastKnownFileType = text.plist.xml; path = Info.plist; sourceTree = "<group>"; };
		56CDB8A820C47D3300B9E887 /* CaptureViewController.swift */ = {isa = PBXFileReference; lastKnownFileType = sourcecode.swift; path = CaptureViewController.swift; sourceTree = "<group>"; };
/* End PBXFileReference section */

/* Begin PBXFrameworksBuildPhase section */
		56CDB87120C47CDB00B9E887 /* Frameworks */ = {
			isa = PBXFrameworksBuildPhase;
			buildActionMask = 2147483647;
			files = (
			);
			runOnlyForDeploymentPostprocessing = 0;
		};
		56CDB88820C47CDD00B9E887 /* Frameworks */ = {
			isa = PBXFrameworksBuildPhase;
			buildActionMask = 2147483647;
			files = (
			);
			runOnlyForDeploymentPostprocessing = 0;
		};
		56CDB89320C47CDD00B9E887 /* Frameworks */ = {
			isa = PBXFrameworksBuildPhase;
			buildActionMask = 2147483647;
			files = (
			);
			runOnlyForDeploymentPostprocessing = 0;
		};
/* End PBXFrameworksBuildPhase section */

/* Begin PBXGroup section */
		56CDB86B20C47CDB00B9E887 = {
			isa = PBXGroup;
			children = (
				56CDB87620C47CDB00B9E887 /* Camera */,
				56CDB88E20C47CDD00B9E887 /* CameraTests */,
				56CDB89920C47CDD00B9E887 /* CameraUITests */,
				56CDB87520C47CDB00B9E887 /* Products */,
			);
			sourceTree = "<group>";
		};
		56CDB87520C47CDB00B9E887 /* Products */ = {
			isa = PBXGroup;
			children = (
				56CDB87420C47CDB00B9E887 /* Camera.app */,
				56CDB88B20C47CDD00B9E887 /* CameraTests.xctest */,
				56CDB89620C47CDD00B9E887 /* CameraUITests.xctest */,
			);
			name = Products;
			sourceTree = "<group>";
		};
		56CDB87620C47CDB00B9E887 /* Camera */ = {
			isa = PBXGroup;
			children = (
				56CDB87720C47CDB00B9E887 /* AppDelegate.swift */,
				56CDB87920C47CDB00B9E887 /* ViewController.swift */,
				56CDB8A820C47D3300B9E887 /* CaptureViewController.swift */,
				56CDB87B20C47CDB00B9E887 /* Main.storyboard */,
				56CDB88120C47CDC00B9E887 /* Assets.xcassets */,
				56CDB88320C47CDC00B9E887 /* LaunchScreen.storyboard */,
				56CDB88620C47CDD00B9E887 /* Info.plist */,
				56CDB87E20C47CDB00B9E887 /* Camera.xcdatamodeld */,
			);
			path = Camera;
			sourceTree = "<group>";
		};
		56CDB88E20C47CDD00B9E887 /* CameraTests */ = {
			isa = PBXGroup;
			children = (
				56CDB88F20C47CDD00B9E887 /* CameraTests.swift */,
				56CDB89120C47CDD00B9E887 /* Info.plist */,
			);
			path = CameraTests;
			sourceTree = "<group>";
		};
		56CDB89920C47CDD00B9E887 /* CameraUITests */ = {
			isa = PBXGroup;
			children = (
				56CDB89A20C47CDD00B9E887 /* CameraUITests.swift */,
				56CDB89C20C47CDD00B9E887 /* Info.plist */,
			);
			path = CameraUITests;
			sourceTree = "<group>";
		};
/* End PBXGroup section */

/* Begin PBXNativeTarget section */
		56CDB87320C47CDB00B9E887 /* Camera */ = {
			isa = PBXNativeTarget;
			buildConfigurationList = 56CDB89F20C47CDD00B9E887 /* Build configuration list for PBXNativeTarget "Camera" */;
			buildPhases = (
				56CDB87020C47CDB00B9E887 /* Sources */,
				56CDB87120C47CDB00B9E887 /* Frameworks */,
				56CDB87220C47CDB00B9E887 /* Resources */,
			);
			buildRules = (
			);
			dependencies = (
			);
			name = Camera;
			productName = Camera;
			productReference = 56CDB87420C47CDB00B9E887 /* Camera.app */;
			productType = "com.apple.product-type.application";
		};
		56CDB88A20C47CDD00B9E887 /* CameraTests */ = {
			isa = PBXNativeTarget;
			buildConfigurationList = 56CDB8A220C47CDD00B9E887 /* Build configuration list for PBXNativeTarget "CameraTests" */;
			buildPhases = (
				56CDB88720C47CDD00B9E887 /* Sources */,
				56CDB88820C47CDD00B9E887 /* Frameworks */,
				56CDB88920C47CDD00B9E887 /* Resources */,
			);
			buildRules = (
			);
			dependencies = (
				56CDB88D20C47CDD00B9E887 /* PBXTargetDependency */,
			);
			name = CameraTests;
			productName = CameraTests;
			productReference = 56CDB88B20C47CDD00B9E887 /* CameraTests.xctest */;
			productType = "com.apple.product-type.bundle.unit-test";
		};
		56CDB89520C47CDD00B9E887 /* CameraUITests */ = {
			isa = PBXNativeTarget;
			buildConfigurationList = 56CDB8A520C47CDD00B9E887 /* Build configuration list for PBXNativeTarget "CameraUITests" */;
			buildPhases = (
				56CDB89220C47CDD00B9E887 /* Sources */,
				56CDB89320C47CDD00B9E887 /* Frameworks */,
				56CDB89420C47CDD00B9E887 /* Resources */,
			);
			buildRules = (
			);
			dependencies = (
				56CDB89820C47CDD00B9E887 /* PBXTargetDependency */,
			);
			name = CameraUITests;
			productName = CameraUITests;
			productReference = 56CDB89620C47CDD00B9E887 /* CameraUITests.xctest */;
			productType = "com.apple.product-type.bundle.ui-testing";
		};
/* End PBXNativeTarget section */

/* Begin PBXProject section */
		56CDB86C20C47CDB00B9E887 /* Project object */ = {
			isa = PBXProject;
			attributes = {
				LastSwiftUpdateCheck = 0940;
				LastUpgradeCheck = 0940;
				ORGANIZATIONNAME = Deakin;
				TargetAttributes = {
					56CDB87320C47CDB00B9E887 = {
						CreatedOnToolsVersion = 9.4;
					};
					56CDB88A20C47CDD00B9E887 = {
						CreatedOnToolsVersion = 9.4;
						TestTargetID = 56CDB87320C47CDB00B9E887;
					};
					56CDB89520C47CDD00B9E887 = {
						CreatedOnToolsVersion = 9.4;
						TestTargetID = 56CDB87320C47CDB00B9E887;
					};
				};
			};
			buildConfigurationList = 56CDB86F20C47CDB00B9E887 /* Build configuration list for PBXProject "Camera" */;
			compatibilityVersion = "Xcode 9.3";
			developmentRegion = en;
			hasScannedForEncodings = 0;
			knownRegions = (
				en,
				Base,
			);
			mainGroup = 56CDB86B20C47CDB00B9E887;
			productRefGroup = 56CDB87520C47CDB00B9E887 /* Products */;
			projectDirPath = "";
			projectRoot = "";
			targets = (
				56CDB87320C47CDB00B9E887 /* Camera */,
				56CDB88A20C47CDD00B9E887 /* CameraTests */,
				56CDB89520C47CDD00B9E887 /* CameraUITests */,
			);
		};
/* End PBXProject section */

/* Begin PBXResourcesBuildPhase section */
		56CDB87220C47CDB00B9E887 /* Resources */ = {
			isa = PBXResourcesBuildPhase;
			buildActionMask = 2147483647;
			files = (
				56CDB88520C47CDC00B9E887 /* LaunchScreen.storyboard in Resources */,
				56CDB88220C47CDC00B9E887 /* Assets.xcassets in Resources */,
				56CDB87D20C47CDB00B9E887 /* Main.storyboard in Resources */,
			);
			runOnlyForDeploymentPostprocessing = 0;
		};
		56CDB88920C47CDD00B9E887 /* Resources */ = {
			isa = PBXResourcesBuildPhase;
			buildActionMask = 2147483647;
			files = (
			);
			runOnlyForDeploymentPostprocessing = 0;
		};
		56CDB89420C47CDD00B9E887 /* Resources */ = {
			isa = PBXResourcesBuildPhase;
			buildActionMask = 2147483647;
			files = (
			);
			runOnlyForDeploymentPostprocessing = 0;
		};
/* End PBXResourcesBuildPhase section */

/* Begin PBXSourcesBuildPhase section */
		56CDB87020C47CDB00B9E887 /* Sources */ = {
			isa = PBXSourcesBuildPhase;
			buildActionMask = 2147483647;
			files = (
				56CDB87A20C47CDB00B9E887 /* ViewController.swift in Sources */,
				56CDB8A920C47D3300B9E887 /* CaptureViewController.swift in Sources */,
				56CDB88020C47CDB00B9E887 /* Camera.xcdatamodeld in Sources */,
				56CDB87820C47CDB00B9E887 /* AppDelegate.swift in Sources */,
			);
			runOnlyForDeploymentPostprocessing = 0;
		};
		56CDB88720C47CDD00B9E887 /* Sources */ = {
			isa = PBXSourcesBuildPhase;
			buildActionMask = 2147483647;
			files = (
				56CDB89020C47CDD00B9E887 /* CameraTests.swift in Sources */,
			);
			runOnlyForDeploymentPostprocessing = 0;
		};
		56CDB89220C47CDD00B9E887 /* Sources */ = {
			isa = PBXSourcesBuildPhase;
			buildActionMask = 2147483647;
			files = (
				56CDB89B20C47CDD00B9E887 /* CameraUITests.swift in Sources */,
			);
			runOnlyForDeploymentPostprocessing = 0;
		};
/* End PBXSourcesBuildPhase section */

/* Begin PBXTargetDependency section */
		56CDB88D20C47CDD00B9E887 /* PBXTargetDependency */ = {
			isa = PBXTargetDependency;
			target = 56CDB87320C47CDB00B9E887 /* Camera */;
			targetProxy = 56CDB88C20C47CDD00B9E887 /* PBXContainerItemProxy */;
		};
		56CDB89820C47CDD00B9E887 /* PBXTargetDependency */ = {
			isa = PBXTargetDependency;
			target = 56CDB87320C47CDB00B9E887 /* Camera */;
			targetProxy = 56CDB89720C47CDD00B9E887 /* PBXContainerItemProxy */;
		};
/* End PBXTargetDependency section */

/* Begin PBXVariantGroup section */
		56CDB87B20C47CDB00B9E887 /* Main.storyboard */ = {
			isa = PBXVariantGroup;
			children = (
				56CDB87C20C47CDB00B9E887 /* Base */,
			);
			name = Main.storyboard;
			sourceTree = "<group>";
		};
		56CDB88320C47CDC00B9E887 /* LaunchScreen.storyboard */ = {
			isa = PBXVariantGroup;
			children = (
				56CDB88420C47CDC00B9E887 /* Base */,
			);
			name = LaunchScreen.storyboard;
			sourceTree = "<group>";
		};
/* End PBXVariantGroup section */

/* Begin XCBuildConfiguration section */
		56CDB89D20C47CDD00B9E887 /* Debug */ = {
			isa = XCBuildConfiguration;
			buildSettings = {
				ALWAYS_SEARCH_USER_PATHS = NO;
				CLANG_ANALYZER_NONNULL = YES;
				CLANG_ANALYZER_NUMBER_OBJECT_CONVERSION = YES_AGGRESSIVE;
				CLANG_CXX_LANGUAGE_STANDARD = "gnu++14";
				CLANG_CXX_LIBRARY = "libc++";
				CLANG_ENABLE_MODULES = YES;
				CLANG_ENABLE_OBJC_ARC = YES;
				CLANG_ENABLE_OBJC_WEAK = YES;
				CLANG_WARN_BLOCK_CAPTURE_AUTORELEASING = YES;
				CLANG_WARN_BOOL_CONVERSION = YES;
				CLANG_WARN_COMMA = YES;
				CLANG_WARN_CONSTANT_CONVERSION = YES;
				CLANG_WARN_DEPRECATED_OBJC_IMPLEMENTATIONS = YES;
				CLANG_WARN_DIRECT_OBJC_ISA_USAGE = YES_ERROR;
				CLANG_WARN_DOCUMENTATION_COMMENTS = YES;
				CLANG_WARN_EMPTY_BODY = YES;
				CLANG_WARN_ENUM_CONVERSION = YES;
				CLANG_WARN_INFINITE_RECURSION = YES;
				CLANG_WARN_INT_CONVERSION = YES;
				CLANG_WARN_NON_LITERAL_NULL_CONVERSION = YES;
				CLANG_WARN_OBJC_IMPLICIT_RETAIN_SELF = YES;
				CLANG_WARN_OBJC_LITERAL_CONVERSION = YES;
				CLANG_WARN_OBJC_ROOT_CLASS = YES_ERROR;
				CLANG_WARN_RANGE_LOOP_ANALYSIS = YES;
				CLANG_WARN_STRICT_PROTOTYPES = YES;
				CLANG_WARN_SUSPICIOUS_MOVE = YES;
				CLANG_WARN_UNGUARDED_AVAILABILITY = YES_AGGRESSIVE;
				CLANG_WARN_UNREACHABLE_CODE = YES;
				CLANG_WARN__DUPLICATE_METHOD_MATCH = YES;
				CODE_SIGN_IDENTITY = "iPhone Developer";
				COPY_PHASE_STRIP = NO;
				DEBUG_INFORMATION_FORMAT = dwarf;
				ENABLE_STRICT_OBJC_MSGSEND = YES;
				ENABLE_TESTABILITY = YES;
				GCC_C_LANGUAGE_STANDARD = gnu11;
				GCC_DYNAMIC_NO_PIC = NO;
				GCC_NO_COMMON_BLOCKS = YES;
				GCC_OPTIMIZATION_LEVEL = 0;
				GCC_PREPROCESSOR_DEFINITIONS = (
					"DEBUG=1",
					"$(inherited)",
				);
				GCC_WARN_64_TO_32_BIT_CONVERSION = YES;
				GCC_WARN_ABOUT_RETURN_TYPE = YES_ERROR;
				GCC_WARN_UNDECLARED_SELECTOR = YES;
				GCC_WARN_UNINITIALIZED_AUTOS = YES_AGGRESSIVE;
				GCC_WARN_UNUSED_FUNCTION = YES;
				GCC_WARN_UNUSED_VARIABLE = YES;
				IPHONEOS_DEPLOYMENT_TARGET = 11.4;
				MTL_ENABLE_DEBUG_INFO = YES;
				ONLY_ACTIVE_ARCH = YES;
				SDKROOT = iphoneos;
				SWIFT_ACTIVE_COMPILATION_CONDITIONS = DEBUG;
				SWIFT_OPTIMIZATION_LEVEL = "-Onone";
			};
			name = Debug;
		};
		56CDB89E20C47CDD00B9E887 /* Release */ = {
			isa = XCBuildConfiguration;
			buildSettings = {
				ALWAYS_SEARCH_USER_PATHS = NO;
				CLANG_ANALYZER_NONNULL = YES;
				CLANG_ANALYZER_NUMBER_OBJECT_CONVERSION = YES_AGGRESSIVE;
				CLANG_CXX_LANGUAGE_STANDARD = "gnu++14";
				CLANG_CXX_LIBRARY = "libc++";
				CLANG_ENABLE_MODULES = YES;
				CLANG_ENABLE_OBJC_ARC = YES;
				CLANG_ENABLE_OBJC_WEAK = YES;
				CLANG_WARN_BLOCK_CAPTURE_AUTORELEASING = YES;
				CLANG_WARN_BOOL_CONVERSION = YES;
				CLANG_WARN_COMMA = YES;
				CLANG_WARN_CONSTANT_CONVERSION = YES;
				CLANG_WARN_DEPRECATED_OBJC_IMPLEMENTATIONS = YES;
				CLANG_WARN_DIRECT_OBJC_ISA_USAGE = YES_ERROR;
				CLANG_WARN_DOCUMENTATION_COMMENTS = YES;
				CLANG_WARN_EMPTY_BODY = YES;
				CLANG_WARN_ENUM_CONVERSION = YES;
				CLANG_WARN_INFINITE_RECURSION = YES;
				CLANG_WARN_INT_CONVERSION = YES;
				CLANG_WARN_NON_LITERAL_NULL_CONVERSION = YES;
				CLANG_WARN_OBJC_IMPLICIT_RETAIN_SELF = YES;
				CLANG_WARN_OBJC_LITERAL_CONVERSION = YES;
				CLANG_WARN_OBJC_ROOT_CLASS = YES_ERROR;
				CLANG_WARN_RANGE_LOOP_ANALYSIS = YES;
				CLANG_WARN_STRICT_PROTOTYPES = YES;
				CLANG_WARN_SUSPICIOUS_MOVE = YES;
				CLANG_WARN_UNGUARDED_AVAILABILITY = YES_AGGRESSIVE;
				CLANG_WARN_UNREACHABLE_CODE = YES;
				CLANG_WARN__DUPLICATE_METHOD_MATCH = YES;
				CODE_SIGN_IDENTITY = "iPhone Developer";
				COPY_PHASE_STRIP = NO;
				DEBUG_INFORMATION_FORMAT = "dwarf-with-dsym";
				ENABLE_NS_ASSERTIONS = NO;
				ENABLE_STRICT_OBJC_MSGSEND = YES;
				GCC_C_LANGUAGE_STANDARD = gnu11;
				GCC_NO_COMMON_BLOCKS = YES;
				GCC_WARN_64_TO_32_BIT_CONVERSION = YES;
				GCC_WARN_ABOUT_RETURN_TYPE = YES_ERROR;
				GCC_WARN_UNDECLARED_SELECTOR = YES;
				GCC_WARN_UNINITIALIZED_AUTOS = YES_AGGRESSIVE;
				GCC_WARN_UNUSED_FUNCTION = YES;
				GCC_WARN_UNUSED_VARIABLE = YES;
				IPHONEOS_DEPLOYMENT_TARGET = 11.4;
				MTL_ENABLE_DEBUG_INFO = NO;
				SDKROOT = iphoneos;
				SWIFT_COMPILATION_MODE = wholemodule;
				SWIFT_OPTIMIZATION_LEVEL = "-O";
				VALIDATE_PRODUCT = YES;
			};
			name = Release;
		};
		56CDB8A020C47CDD00B9E887 /* Debug */ = {
			isa = XCBuildConfiguration;
			buildSettings = {
				ASSETCATALOG_COMPILER_APPICON_NAME = AppIcon;
				CODE_SIGN_STYLE = Automatic;
				DEVELOPMENT_TEAM = 24SM6522LU;
				INFOPLIST_FILE = Camera/Info.plist;
				LD_RUNPATH_SEARCH_PATHS = (
					"$(inherited)",
					"@executable_path/Frameworks",
				);
				PRODUCT_BUNDLE_IDENTIFIER = deakin.Camera;
				PRODUCT_NAME = "$(TARGET_NAME)";
				SWIFT_VERSION = 4.0;
				TARGETED_DEVICE_FAMILY = "1,2";
			};
			name = Debug;
		};
		56CDB8A120C47CDD00B9E887 /* Release */ = {
			isa = XCBuildConfiguration;
			buildSettings = {
				ASSETCATALOG_COMPILER_APPICON_NAME = AppIcon;
				CODE_SIGN_STYLE = Automatic;
				DEVELOPMENT_TEAM = 24SM6522LU;
				INFOPLIST_FILE = Camera/Info.plist;
				LD_RUNPATH_SEARCH_PATHS = (
					"$(inherited)",
					"@executable_path/Frameworks",
				);
				PRODUCT_BUNDLE_IDENTIFIER = deakin.Camera;
				PRODUCT_NAME = "$(TARGET_NAME)";
				SWIFT_VERSION = 4.0;
				TARGETED_DEVICE_FAMILY = "1,2";
			};
			name = Release;
		};
		56CDB8A320C47CDD00B9E887 /* Debug */ = {
			isa = XCBuildConfiguration;
			buildSettings = {
				ALWAYS_EMBED_SWIFT_STANDARD_LIBRARIES = YES;
				BUNDLE_LOADER = "$(TEST_HOST)";
				CODE_SIGN_STYLE = Automatic;
				DEVELOPMENT_TEAM = 24SM6522LU;
				INFOPLIST_FILE = CameraTests/Info.plist;
				LD_RUNPATH_SEARCH_PATHS = (
					"$(inherited)",
					"@executable_path/Frameworks",
					"@loader_path/Frameworks",
				);
				PRODUCT_BUNDLE_IDENTIFIER = deakin.CameraTests;
				PRODUCT_NAME = "$(TARGET_NAME)";
				SWIFT_VERSION = 4.0;
				TARGETED_DEVICE_FAMILY = "1,2";
				TEST_HOST = "$(BUILT_PRODUCTS_DIR)/Camera.app/Camera";
			};
			name = Debug;
		};
		56CDB8A420C47CDD00B9E887 /* Release */ = {
			isa = XCBuildConfiguration;
			buildSettings = {
				ALWAYS_EMBED_SWIFT_STANDARD_LIBRARIES = YES;
				BUNDLE_LOADER = "$(TEST_HOST)";
				CODE_SIGN_STYLE = Automatic;
				DEVELOPMENT_TEAM = 24SM6522LU;
				INFOPLIST_FILE = CameraTests/Info.plist;
				LD_RUNPATH_SEARCH_PATHS = (
					"$(inherited)",
					"@executable_path/Frameworks",
					"@loader_path/Frameworks",
				);
				PRODUCT_BUNDLE_IDENTIFIER = deakin.CameraTests;
				PRODUCT_NAME = "$(TARGET_NAME)";
				SWIFT_VERSION = 4.0;
				TARGETED_DEVICE_FAMILY = "1,2";
				TEST_HOST = "$(BUILT_PRODUCTS_DIR)/Camera.app/Camera";
			};
			name = Release;
		};
		56CDB8A620C47CDD00B9E887 /* Debug */ = {
			isa = XCBuildConfiguration;
			buildSettings = {
				ALWAYS_EMBED_SWIFT_STANDARD_LIBRARIES = YES;
				CODE_SIGN_STYLE = Automatic;
				DEVELOPMENT_TEAM = 24SM6522LU;
				INFOPLIST_FILE = CameraUITests/Info.plist;
				LD_RUNPATH_SEARCH_PATHS = (
					"$(inherited)",
					"@executable_path/Frameworks",
					"@loader_path/Frameworks",
				);
				PRODUCT_BUNDLE_IDENTIFIER = deakin.CameraUITests;
				PRODUCT_NAME = "$(TARGET_NAME)";
				SWIFT_VERSION = 4.0;
				TARGETED_DEVICE_FAMILY = "1,2";
				TEST_TARGET_NAME = Camera;
			};
			name = Debug;
		};
		56CDB8A720C47CDD00B9E887 /* Release */ = {
			isa = XCBuildConfiguration;
			buildSettings = {
				ALWAYS_EMBED_SWIFT_STANDARD_LIBRARIES = YES;
				CODE_SIGN_STYLE = Automatic;
				DEVELOPMENT_TEAM = 24SM6522LU;
				INFOPLIST_FILE = CameraUITests/Info.plist;
				LD_RUNPATH_SEARCH_PATHS = (
					"$(inherited)",
					"@executable_path/Frameworks",
					"@loader_path/Frameworks",
				);
				PRODUCT_BUNDLE_IDENTIFIER = deakin.CameraUITests;
				PRODUCT_NAME = "$(TARGET_NAME)";
				SWIFT_VERSION = 4.0;
				TARGETED_DEVICE_FAMILY = "1,2";
				TEST_TARGET_NAME = Camera;
			};
			name = Release;
		};
/* End XCBuildConfiguration section */

/* Begin XCConfigurationList section */
		56CDB86F20C47CDB00B9E887 /* Build configuration list for PBXProject "Camera" */ = {
			isa = XCConfigurationList;
			buildConfigurations = (
				56CDB89D20C47CDD00B9E887 /* Debug */,
				56CDB89E20C47CDD00B9E887 /* Release */,
			);
			defaultConfigurationIsVisible = 0;
			defaultConfigurationName = Release;
		};
		56CDB89F20C47CDD00B9E887 /* Build configuration list for PBXNativeTarget "Camera" */ = {
			isa = XCConfigurationList;
			buildConfigurations = (
				56CDB8A020C47CDD00B9E887 /* Debug */,
				56CDB8A120C47CDD00B9E887 /* Release */,
			);
			defaultConfigurationIsVisible = 0;
			defaultConfigurationName = Release;
		};
		56CDB8A220C47CDD00B9E887 /* Build configuration list for PBXNativeTarget "CameraTests" */ = {
			isa = XCConfigurationList;
			buildConfigurations = (
				56CDB8A320C47CDD00B9E887 /* Debug */,
				56CDB8A420C47CDD00B9E887 /* Release */,
			);
			defaultConfigurationIsVisible = 0;
			defaultConfigurationName = Release;
		};
		56CDB8A520C47CDD00B9E887 /* Build configuration list for PBXNativeTarget "CameraUITests" */ = {
			isa = XCConfigurationList;
			buildConfigurations = (
				56CDB8A620C47CDD00B9E887 /* Debug */,
				56CDB8A720C47CDD00B9E887 /* Release */,
			);
			defaultConfigurationIsVisible = 0;
			defaultConfigurationName = Release;
		};
/* End XCConfigurationList section */

/* Begin XCVersionGroup section */
		56CDB87E20C47CDB00B9E887 /* Camera.xcdatamodeld */ = {
			isa = XCVersionGroup;
			children = (
				56CDB87F20C47CDB00B9E887 /* Camera.xcdatamodel */,
			);
			currentVersion = 56CDB87F20C47CDB00B9E887 /* Camera.xcdatamodel */;
			path = Camera.xcdatamodeld;
			sourceTree = "<group>";
			versionGroupType = wrapper.xcdatamodel;
		};
/* End XCVersionGroup section */
	};
	rootObject = 56CDB86C20C47CDB00B9E887 /* Project object */;
}
